
Microsoft Visual Studio Solution File, Format Version 12.00
# Visual Studio 15
VisualStudioVersion = 15.0.28307.902
MinimumVisualStudioVersion = 10.0.40219.1
Project("{FAE04EC0-301F-11D3-BF4B-00C04F79EFBC}") = "WebApplicationApiChrysallis", "WebApplicationApiChrysallis\WebApplicationApiChrysallis.csproj", "{B5D8F17F-7A07-4AF0-8677-F1852A7DCA79}"
EndProject
Global
	GlobalSection(SolutionConfigurationPlatforms) = preSolution
		Debug|Any CPU = Debug|Any CPU
		Release|Any CPU = Release|Any CPU
	EndGlobalSection
	GlobalSection(ProjectConfigurationPlatforms) = postSolution
		{B5D8F17F-7A07-4AF0-8677-F1852A7DCA79}.Debug|Any CPU.ActiveCfg = Debug|Any CPU
		{B5D8F17F-7A07-4AF0-8677-F1852A7DCA79}.Debug|Any CPU.Build.0 = Debug|Any CPU
		{B5D8F17F-7A07-4AF0-8677-F1852A7DCA79}.Release|Any CPU.ActiveCfg = Release|Any CPU
		{B5D8F17F-7A07-4AF0-8677-F1852A7DCA79}.Release|Any CPU.Build.0 = Release|Any CPU
	EndGlobalSection
	GlobalSection(SolutionProperties) = preSolution
		HideSolutionNode = FALSE
	EndGlobalSection
	GlobalSection(ExtensibilityGlobals) = postSolution
		SolutionGuid = {0683FD77-F584-4B61-B1DF-6B88AE7A550E}
	EndGlobalSection
EndGlobal
